
Microsoft Visual Studio Solution File, Format Version 12.00
# Visual Studio Version 17
VisualStudioVersion = 17.0.32112.339
MinimumVisualStudioVersion = 10.0.40219.1
Project("{9A19103F-16F7-4668-BE54-9A1E7A4F7556}") = "CustomersReg", "CustomersReg.csproj", "{F9976D3F-11DB-46F6-A6AB-DA0AD41F2292}"
EndProject
Global
	GlobalSection(SolutionConfigurationPlatforms) = preSolution
		Debug|Any CPU = Debug|Any CPU
		Release|Any CPU = Release|Any CPU
	EndGlobalSection
	GlobalSection(ProjectConfigurationPlatforms) = postSolution
		{F9976D3F-11DB-46F6-A6AB-DA0AD41F2292}.Debug|Any CPU.ActiveCfg = Debug|Any CPU
		{F9976D3F-11DB-46F6-A6AB-DA0AD41F2292}.Debug|Any CPU.Build.0 = Debug|Any CPU
		{F9976D3F-11DB-46F6-A6AB-DA0AD41F2292}.Release|Any CPU.ActiveCfg = Release|Any CPU
		{F9976D3F-11DB-46F6-A6AB-DA0AD41F2292}.Release|Any CPU.Build.0 = Release|Any CPU
	EndGlobalSection
	GlobalSection(SolutionProperties) = preSolution
		HideSolutionNode = FALSE
	EndGlobalSection
	GlobalSection(ExtensibilityGlobals) = postSolution
		SolutionGuid = {D00D1B77-F4D2-4312-9D10-1DEB5B4D9D0F}
	EndGlobalSection
EndGlobal
